
Microsoft Visual Studio Solution File, Format Version 12.00
# Visual Studio Version 17
VisualStudioVersion = 17.2.32630.192
MinimumVisualStudioVersion = 10.0.40219.1
Project("{2150E333-8FDC-42A3-9474-1A3956D46DE8}") = "Services", "Services", "{A2EB786F-BAA9-4547-B407-E472B0BC862F}"
EndProject
Project("{2150E333-8FDC-42A3-9474-1A3956D46DE8}") = "Catalog", "Catalog", "{D16FD198-1DD5-490F-911B-959F1595BEBE}"
EndProject
Project("{FAE04EC0-301F-11D3-BF4B-00C04F79EFBC}") = "Catalog.API", "..\src\Services\Catalog\Catalog.API\Catalog.API.csproj", "{A0BE5AB7-32E6-49AB-9C80-2DC725C936CB}"
EndProject
Global
	GlobalSection(SolutionConfigurationPlatforms) = preSolution
		Debug|Any CPU = Debug|Any CPU
		Release|Any CPU = Release|Any CPU
	EndGlobalSection
	GlobalSection(ProjectConfigurationPlatforms) = postSolution
		{A0BE5AB7-32E6-49AB-9C80-2DC725C936CB}.Debug|Any CPU.ActiveCfg = Debug|Any CPU
		{A0BE5AB7-32E6-49AB-9C80-2DC725C936CB}.Debug|Any CPU.Build.0 = Debug|Any CPU
		{A0BE5AB7-32E6-49AB-9C80-2DC725C936CB}.Release|Any CPU.ActiveCfg = Release|Any CPU
		{A0BE5AB7-32E6-49AB-9C80-2DC725C936CB}.Release|Any CPU.Build.0 = Release|Any CPU
	EndGlobalSection
	GlobalSection(SolutionProperties) = preSolution
		HideSolutionNode = FALSE
	EndGlobalSection
	GlobalSection(NestedProjects) = preSolution
		{D16FD198-1DD5-490F-911B-959F1595BEBE} = {A2EB786F-BAA9-4547-B407-E472B0BC862F}
		{A0BE5AB7-32E6-49AB-9C80-2DC725C936CB} = {D16FD198-1DD5-490F-911B-959F1595BEBE}
	EndGlobalSection
	GlobalSection(ExtensibilityGlobals) = postSolution
		SolutionGuid = {B2F08139-FE90-48C8-ABAB-C47D1C4603B2}
	EndGlobalSection
EndGlobal
